{
  "name": "giphy-app",
  "version": "1.0.0",
  "lockfileVersion": 1,
  "requires": true,
  "dependencies": {
    "copy-to-clipboard": {
      "version": "3.2.1",
      "resolved": "https://registry.npmjs.org/copy-to-clipboard/-/copy-to-clipboard-3.2.1.tgz",
      "integrity": "sha512-btru1Q6RD9wbonIvEU5EfnhIRGHLo//BGXQ1hNAD2avIs/nBZlpbOeKtv3mhoUByN4DB9Cb6/vXBymj1S43KmA==",
      "requires": {
        "toggle-selection": "^1.0.6"
      }
    },
    "toggle-selection": {
      "version": "1.0.6",
      "resolved": "https://registry.npmjs.org/toggle-selection/-/toggle-selection-1.0.6.tgz",
      "integrity": "sha1-bkWxJj8gF/oKzH2J14sVuL932jI="
    }
  }
}
